
Microsoft Visual Studio Solution File, Format Version 12.00
# Visual Studio Version 16
VisualStudioVersion = 16.0.29424.173
MinimumVisualStudioVersion = 10.0.40219.1
Project("{FAE04EC0-301F-11D3-BF4B-00C04F79EFBC}") = "SmallLayout", "SmallLayout\SmallLayout.csproj", "{F7FF963F-1FEC-40E0-9052-09C2497C1DF7}"
EndProject
Global
	GlobalSection(SolutionConfigurationPlatforms) = preSolution
		Debug|Any CPU = Debug|Any CPU
		Release|Any CPU = Release|Any CPU
	EndGlobalSection
	GlobalSection(ProjectConfigurationPlatforms) = postSolution
		{F7FF963F-1FEC-40E0-9052-09C2497C1DF7}.Debug|Any CPU.ActiveCfg = Debug|Any CPU
		{F7FF963F-1FEC-40E0-9052-09C2497C1DF7}.Debug|Any CPU.Build.0 = Debug|Any CPU
		{F7FF963F-1FEC-40E0-9052-09C2497C1DF7}.Release|Any CPU.ActiveCfg = Release|Any CPU
		{F7FF963F-1FEC-40E0-9052-09C2497C1DF7}.Release|Any CPU.Build.0 = Release|Any CPU
	EndGlobalSection
	GlobalSection(SolutionProperties) = preSolution
		HideSolutionNode = FALSE
	EndGlobalSection
	GlobalSection(ExtensibilityGlobals) = postSolution
		SolutionGuid = {FD8AB385-F4D2-4796-9AF4-90FA3A0C5FA8}
	EndGlobalSection
EndGlobal
